// !$*UTF8*$!
{
	archiveVersion = 1;
	classes = {
	};
	objectVersion = 46;
	objects = {

/* Begin PBXBuildFile section */
		138CD3031D023736009CB48D /* AcuantMobileSDK.framework in Frameworks */ = {isa = PBXBuildFile; fileRef = 138CD2FC1D023736009CB48D /* AcuantMobileSDK.framework */; };
		138CD3041D023736009CB48D /* beep-7.mp3 in Resources */ = {isa = PBXBuildFile; fileRef = 138CD2FE1D023736009CB48D /* beep-7.mp3 */; };
		138CD3081D023736009CB48D /* shutter.wav in Resources */ = {isa = PBXBuildFile; fileRef = 138CD3021D023736009CB48D /* shutter.wav */; };
		13958D781CFF5D83008CA3FD /* ConfirmationViewController.m in Sources */ = {isa = PBXBuildFile; fileRef = 13958D771CFF5D83008CA3FD /* ConfirmationViewController.m */; };
		13958D7B1CFF5D8B008CA3FD /* ConfirmationViewController-ipad.xib in Resources */ = {isa = PBXBuildFile; fileRef = 13958D791CFF5D8B008CA3FD /* ConfirmationViewController-ipad.xib */; };
		13958D7F1CFF606D008CA3FD /* HelpScreenTip_ipad.png in Resources */ = {isa = PBXBuildFile; fileRef = 13958D7D1CFF606D008CA3FD /* HelpScreenTip_ipad.png */; };
		13958D801CFF606D008CA3FD /* HelpScreenTip_iphone.png in Resources */ = {isa = PBXBuildFile; fileRef = 13958D7E1CFF606D008CA3FD /* HelpScreenTip_iphone.png */; };
		139D06161D0F3A73000A6CA5 /* ConfirmationViewController.xib in Resources */ = {isa = PBXBuildFile; fileRef = 139D06151D0F3A73000A6CA5 /* ConfirmationViewController.xib */; };
		95019F221758F30A001C4F94 /* UIKit.framework in Frameworks */ = {isa = PBXBuildFile; fileRef = 95019F211758F30A001C4F94 /* UIKit.framework */; };
		989432CB1BAAFA4000C1B95A /* AssetsLibrary.framework in Frameworks */ = {isa = PBXBuildFile; fileRef = 989432CA1BAAFA4000C1B95A /* AssetsLibrary.framework */; };
		989432CC1BAAFBF500C1B95A /* libc++.tbd in Frameworks */ = {isa = PBXBuildFile; fileRef = 989432C61BAAF9E200C1B95A /* libc++.tbd */; };
		989432CD1BAAFBFE00C1B95A /* libiconv.tbd in Frameworks */ = {isa = PBXBuildFile; fileRef = 989432C81BAAFA1200C1B95A /* libiconv.tbd */; };
		989432CF1BAAFC1C00C1B95A /* SystemConfiguration.framework in Frameworks */ = {isa = PBXBuildFile; fileRef = 989432CE1BAAFC1C00C1B95A /* SystemConfiguration.framework */; };
		989432D11BAAFC6400C1B95A /* AVFoundation.framework in Frameworks */ = {isa = PBXBuildFile; fileRef = 989432D01BAAFC6400C1B95A /* AVFoundation.framework */; };
		989432D31BAAFC6C00C1B95A /* CoreMedia.framework in Frameworks */ = {isa = PBXBuildFile; fileRef = 989432D21BAAFC6C00C1B95A /* CoreMedia.framework */; };
		989432D51BAAFC7200C1B95A /* CoreVideo.framework in Frameworks */ = {isa = PBXBuildFile; fileRef = 989432D41BAAFC7200C1B95A /* CoreVideo.framework */; };
		989432D71BAAFC7900C1B95A /* CoreGraphics.framework in Frameworks */ = {isa = PBXBuildFile; fileRef = 989432D61BAAFC7900C1B95A /* CoreGraphics.framework */; };
		989432D91BAAFC7E00C1B95A /* QuartzCore.framework in Frameworks */ = {isa = PBXBuildFile; fileRef = 989432D81BAAFC7E00C1B95A /* QuartzCore.framework */; };
		989432DB1BAAFC8500C1B95A /* libz.tbd in Frameworks */ = {isa = PBXBuildFile; fileRef = 989432DA1BAAFC8500C1B95A /* libz.tbd */; };
		989432DF1BAAFD8B00C1B95A /* AudioToolbox.framework in Frameworks */ = {isa = PBXBuildFile; fileRef = 989432DE1BAAFD8B00C1B95A /* AudioToolbox.framework */; };
		98F1508C1B39B8C400CE3F5E /* ISGRegionViewController.m in Sources */ = {isa = PBXBuildFile; fileRef = 98F150621B39B8C400CE3F5E /* ISGRegionViewController.m */; };
		98F1508D1B39B8C400CE3F5E /* ISGResultScreenViewController.m in Sources */ = {isa = PBXBuildFile; fileRef = 98F150641B39B8C400CE3F5E /* ISGResultScreenViewController.m */; };
		98F1508E1B39B8C400CE3F5E /* ISGViewController.m in Sources */ = {isa = PBXBuildFile; fileRef = 98F150661B39B8C400CE3F5E /* ISGViewController.m */; };
		98F1508F1B39B8C400CE3F5E /* UIAlertController+Custom.m in Sources */ = {isa = PBXBuildFile; fileRef = 98F150681B39B8C400CE3F5E /* UIAlertController+Custom.m */; };
		98F150921B39B8C400CE3F5E /* ISGAppDelegate.m in Sources */ = {isa = PBXBuildFile; fileRef = 98F1506F1B39B8C400CE3F5E /* ISGAppDelegate.m */; };
		98F150931B39B8C400CE3F5E /* main.m in Sources */ = {isa = PBXBuildFile; fileRef = 98F150701B39B8C400CE3F5E /* main.m */; };
		98F150941B39B8C400CE3F5E /* Back-Gray@2x.png in Resources */ = {isa = PBXBuildFile; fileRef = 98F150731B39B8C400CE3F5E /* Back-Gray@2x.png */; };
		98F150951B39B8C400CE3F5E /* Back-Withe.png in Resources */ = {isa = PBXBuildFile; fileRef = 98F150741B39B8C400CE3F5E /* Back-Withe.png */; };
		98F150961B39B8C400CE3F5E /* Back-Withe@2x.png in Resources */ = {isa = PBXBuildFile; fileRef = 98F150751B39B8C400CE3F5E /* Back-Withe@2x.png */; };
		98F150971B39B8C400CE3F5E /* BackButton.png in Resources */ = {isa = PBXBuildFile; fileRef = 98F150761B39B8C400CE3F5E /* BackButton.png */; };
		98F150981B39B8C400CE3F5E /* camera-capture-button.png in Resources */ = {isa = PBXBuildFile; fileRef = 98F150771B39B8C400CE3F5E /* camera-capture-button.png */; };
		98F150991B39B8C400CE3F5E /* Medic_back.png in Resources */ = {isa = PBXBuildFile; fileRef = 98F150781B39B8C400CE3F5E /* Medic_back.png */; };
		98F1509A1B39B8C400CE3F5E /* Medic_front.png in Resources */ = {isa = PBXBuildFile; fileRef = 98F150791B39B8C400CE3F5E /* Medic_front.png */; };
		98F1509B1B39B8C400CE3F5E /* PassportImage.jpg in Resources */ = {isa = PBXBuildFile; fileRef = 98F1507A1B39B8C400CE3F5E /* PassportImage.jpg */; };
		98F1509C1B39B8C400CE3F5E /* photoBack.png in Resources */ = {isa = PBXBuildFile; fileRef = 98F1507B1B39B8C400CE3F5E /* photoBack.png */; };
		98F1509D1B39B8C400CE3F5E /* photoFront.JPG in Resources */ = {isa = PBXBuildFile; fileRef = 98F1507C1B39B8C400CE3F5E /* photoFront.JPG */; };
		98F1509E1B39B8C400CE3F5E /* PDF417.png in Resources */ = {isa = PBXBuildFile; fileRef = 98F1507D1B39B8C400CE3F5E /* PDF417.png */; };
		98F1509F1B39B8C400CE3F5E /* SVProgressHUD.bundle in Resources */ = {isa = PBXBuildFile; fileRef = 98F150801B39B8C400CE3F5E /* SVProgressHUD.bundle */; };
		98F150A01B39B8C400CE3F5E /* SVProgressHUD.m in Sources */ = {isa = PBXBuildFile; fileRef = 98F150821B39B8C400CE3F5E /* SVProgressHUD.m */; };
		98F150A11B39B8C400CE3F5E /* UIDevice+Resolutions.m in Sources */ = {isa = PBXBuildFile; fileRef = 98F150851B39B8C400CE3F5E /* UIDevice+Resolutions.m */; };
		98F150A21B39B8C400CE3F5E /* CSSNResultScreen_iPad.xib in Resources */ = {isa = PBXBuildFile; fileRef = 98F150871B39B8C400CE3F5E /* CSSNResultScreen_iPad.xib */; };
		98F150A31B39B8C400CE3F5E /* CSSNResultScreen_iPhone.xib in Resources */ = {isa = PBXBuildFile; fileRef = 98F150881B39B8C400CE3F5E /* CSSNResultScreen_iPhone.xib */; };
		98F150A41B39B8C400CE3F5E /* ISGRegionViewController.xib in Resources */ = {isa = PBXBuildFile; fileRef = 98F150891B39B8C400CE3F5E /* ISGRegionViewController.xib */; };
		98F150A51B39B8C400CE3F5E /* ISGViewController_iPad.xib in Resources */ = {isa = PBXBuildFile; fileRef = 98F1508A1B39B8C400CE3F5E /* ISGViewController_iPad.xib */; };
		98F150A61B39B8C400CE3F5E /* ISGViewController_iPhone.xib in Resources */ = {isa = PBXBuildFile; fileRef = 98F1508B1B39B8C400CE3F5E /* ISGViewController_iPhone.xib */; };
		98F150A81B39B8D100CE3F5E /* Images.xcassets in Resources */ = {isa = PBXBuildFile; fileRef = 98F150A71B39B8D100CE3F5E /* Images.xcassets */; };
/* End PBXBuildFile section */

/* Begin PBXFileReference section */
		138CD2FC1D023736009CB48D /* AcuantMobileSDK.framework */ = {isa = PBXFileReference; lastKnownFileType = wrapper.framework; path = AcuantMobileSDK.framework; sourceTree = "<group>"; };
		138CD2FE1D023736009CB48D /* beep-7.mp3 */ = {isa = PBXFileReference; lastKnownFileType = audio.mp3; path = "beep-7.mp3"; sourceTree = "<group>"; };
		138CD3021D023736009CB48D /* shutter.wav */ = {isa = PBXFileReference; lastKnownFileType = audio.wav; path = shutter.wav; sourceTree = "<group>"; };
		13958D761CFF5D83008CA3FD /* ConfirmationViewController.h */ = {isa = PBXFileReference; fileEncoding = 4; lastKnownFileType = sourcecode.c.h; path = ConfirmationViewController.h; sourceTree = "<group>"; };
		13958D771CFF5D83008CA3FD /* ConfirmationViewController.m */ = {isa = PBXFileReference; fileEncoding = 4; lastKnownFileType = sourcecode.c.objc; path = ConfirmationViewController.m; sourceTree = "<group>"; };
		13958D791CFF5D8B008CA3FD /* ConfirmationViewController-ipad.xib */ = {isa = PBXFileReference; fileEncoding = 4; lastKnownFileType = file.xib; path = "ConfirmationViewController-ipad.xib"; sourceTree = "<group>"; };
		13958D7D1CFF606D008CA3FD /* HelpScreenTip_ipad.png */ = {isa = PBXFileReference; lastKnownFileType = image.png; path = HelpScreenTip_ipad.png; sourceTree = "<group>"; };
		13958D7E1CFF606D008CA3FD /* HelpScreenTip_iphone.png */ = {isa = PBXFileReference; lastKnownFileType = image.png; path = HelpScreenTip_iphone.png; sourceTree = "<group>"; };
		139D06151D0F3A73000A6CA5 /* ConfirmationViewController.xib */ = {isa = PBXFileReference; fileEncoding = 4; lastKnownFileType = file.xib; path = ConfirmationViewController.xib; sourceTree = "<group>"; };
		95019F1E1758F30A001C4F94 /* AcuantiOSMobileSampleSDK.app */ = {isa = PBXFileReference; explicitFileType = wrapper.application; includeInIndex = 0; path = AcuantiOSMobileSampleSDK.app; sourceTree = BUILT_PRODUCTS_DIR; };
		95019F211758F30A001C4F94 /* UIKit.framework */ = {isa = PBXFileReference; lastKnownFileType = wrapper.framework; name = UIKit.framework; path = System/Library/Frameworks/UIKit.framework; sourceTree = SDKROOT; };
		989432C61BAAF9E200C1B95A /* libc++.tbd */ = {isa = PBXFileReference; lastKnownFileType = "sourcecode.text-based-dylib-definition"; name = "libc++.tbd"; path = "usr/lib/libc++.tbd"; sourceTree = SDKROOT; };
		989432C81BAAFA1200C1B95A /* libiconv.tbd */ = {isa = PBXFileReference; lastKnownFileType = "sourcecode.text-based-dylib-definition"; name = libiconv.tbd; path = usr/lib/libiconv.tbd; sourceTree = SDKROOT; };
		989432CA1BAAFA4000C1B95A /* AssetsLibrary.framework */ = {isa = PBXFileReference; lastKnownFileType = wrapper.framework; name = AssetsLibrary.framework; path = System/Library/Frameworks/AssetsLibrary.framework; sourceTree = SDKROOT; };
		989432CE1BAAFC1C00C1B95A /* SystemConfiguration.framework */ = {isa = PBXFileReference; lastKnownFileType = wrapper.framework; name = SystemConfiguration.framework; path = System/Library/Frameworks/SystemConfiguration.framework; sourceTree = SDKROOT; };
		989432D01BAAFC6400C1B95A /* AVFoundation.framework */ = {isa = PBXFileReference; lastKnownFileType = wrapper.framework; name = AVFoundation.framework; path = System/Library/Frameworks/AVFoundation.framework; sourceTree = SDKROOT; };
		989432D21BAAFC6C00C1B95A /* CoreMedia.framework */ = {isa = PBXFileReference; lastKnownFileType = wrapper.framework; name = CoreMedia.framework; path = System/Library/Frameworks/CoreMedia.framework; sourceTree = SDKROOT; };
		989432D41BAAFC7200C1B95A /* CoreVideo.framework */ = {isa = PBXFileReference; lastKnownFileType = wrapper.framework; name = CoreVideo.framework; path = System/Library/Frameworks/CoreVideo.framework; sourceTree = SDKROOT; };
		989432D61BAAFC7900C1B95A /* CoreGraphics.framework */ = {isa = PBXFileReference; lastKnownFileType = wrapper.framework; name = CoreGraphics.framework; path = System/Library/Frameworks/CoreGraphics.framework; sourceTree = SDKROOT; };
		989432D81BAAFC7E00C1B95A /* QuartzCore.framework */ = {isa = PBXFileReference; lastKnownFileType = wrapper.framework; name = QuartzCore.framework; path = System/Library/Frameworks/QuartzCore.framework; sourceTree = SDKROOT; };
		989432DA1BAAFC8500C1B95A /* libz.tbd */ = {isa = PBXFileReference; lastKnownFileType = "sourcecode.text-based-dylib-definition"; name = libz.tbd; path = usr/lib/libz.tbd; sourceTree = SDKROOT; };
		989432DE1BAAFD8B00C1B95A /* AudioToolbox.framework */ = {isa = PBXFileReference; lastKnownFileType = wrapper.framework; name = AudioToolbox.framework; path = System/Library/Frameworks/AudioToolbox.framework; sourceTree = SDKROOT; };
		98F150611B39B8C400CE3F5E /* ISGRegionViewController.h */ = {isa = PBXFileReference; fileEncoding = 4; lastKnownFileType = sourcecode.c.h; path = ISGRegionViewController.h; sourceTree = "<group>"; };
		98F150621B39B8C400CE3F5E /* ISGRegionViewController.m */ = {isa = PBXFileReference; fileEncoding = 4; lastKnownFileType = sourcecode.c.objc; path = ISGRegionViewController.m; sourceTree = "<group>"; };
		98F150631B39B8C400CE3F5E /* ISGResultScreenViewController.h */ = {isa = PBXFileReference; fileEncoding = 4; lastKnownFileType = sourcecode.c.h; path = ISGResultScreenViewController.h; sourceTree = "<group>"; };
		98F150641B39B8C400CE3F5E /* ISGResultScreenViewController.m */ = {isa = PBXFileReference; fileEncoding = 4; lastKnownFileType = sourcecode.c.objc; path = ISGResultScreenViewController.m; sourceTree = "<group>"; };
		98F150651B39B8C400CE3F5E /* ISGViewController.h */ = {isa = PBXFileReference; fileEncoding = 4; lastKnownFileType = sourcecode.c.h; path = ISGViewController.h; sourceTree = "<group>"; };
		98F150661B39B8C400CE3F5E /* ISGViewController.m */ = {isa = PBXFileReference; fileEncoding = 4; lastKnownFileType = sourcecode.c.objc; path = ISGViewController.m; sourceTree = "<group>"; };
		98F150671B39B8C400CE3F5E /* UIAlertController+Custom.h */ = {isa = PBXFileReference; fileEncoding = 4; lastKnownFileType = sourcecode.c.h; path = "UIAlertController+Custom.h"; sourceTree = "<group>"; };
		98F150681B39B8C400CE3F5E /* UIAlertController+Custom.m */ = {isa = PBXFileReference; fileEncoding = 4; lastKnownFileType = sourcecode.c.objc; path = "UIAlertController+Custom.m"; sourceTree = "<group>"; };
		98F1506C1B39B8C400CE3F5E /* AcuantMobileSDKSample-Info.plist */ = {isa = PBXFileReference; fileEncoding = 4; lastKnownFileType = text.plist.xml; path = "AcuantMobileSDKSample-Info.plist"; sourceTree = "<group>"; };
		98F1506D1B39B8C400CE3F5E /* AcuantMobileSDKSample-Prefix.pch */ = {isa = PBXFileReference; fileEncoding = 4; lastKnownFileType = sourcecode.c.h; path = "AcuantMobileSDKSample-Prefix.pch"; sourceTree = "<group>"; };
		98F1506E1B39B8C400CE3F5E /* ISGAppDelegate.h */ = {isa = PBXFileReference; fileEncoding = 4; lastKnownFileType = sourcecode.c.h; path = ISGAppDelegate.h; sourceTree = "<group>"; };
		98F1506F1B39B8C400CE3F5E /* ISGAppDelegate.m */ = {isa = PBXFileReference; fileEncoding = 4; lastKnownFileType = sourcecode.c.objc; path = ISGAppDelegate.m; sourceTree = "<group>"; };
		98F150701B39B8C400CE3F5E /* main.m */ = {isa = PBXFileReference; fileEncoding = 4; lastKnownFileType = sourcecode.c.objc; path = main.m; sourceTree = "<group>"; };
		98F150731B39B8C400CE3F5E /* Back-Gray@2x.png */ = {isa = PBXFileReference; lastKnownFileType = image.png; path = "Back-Gray@2x.png"; sourceTree = "<group>"; };
		98F150741B39B8C400CE3F5E /* Back-Withe.png */ = {isa = PBXFileReference; lastKnownFileType = image.png; path = "Back-Withe.png"; sourceTree = "<group>"; };
		98F150751B39B8C400CE3F5E /* Back-Withe@2x.png */ = {isa = PBXFileReference; lastKnownFileType = image.png; path = "Back-Withe@2x.png"; sourceTree = "<group>"; };
		98F150761B39B8C400CE3F5E /* BackButton.png */ = {isa = PBXFileReference; lastKnownFileType = image.png; path = BackButton.png; sourceTree = "<group>"; };
		98F150771B39B8C400CE3F5E /* camera-capture-button.png */ = {isa = PBXFileReference; lastKnownFileType = image.png; path = "camera-capture-button.png"; sourceTree = "<group>"; };
		98F150781B39B8C400CE3F5E /* Medic_back.png */ = {isa = PBXFileReference; lastKnownFileType = image.png; path = Medic_back.png; sourceTree = "<group>"; };
		98F150791B39B8C400CE3F5E /* Medic_front.png */ = {isa = PBXFileReference; lastKnownFileType = image.png; path = Medic_front.png; sourceTree = "<group>"; };
		98F1507A1B39B8C400CE3F5E /* PassportImage.jpg */ = {isa = PBXFileReference; lastKnownFileType = image.jpeg; path = PassportImage.jpg; sourceTree = "<group>"; };
		98F1507B1B39B8C400CE3F5E /* photoBack.png */ = {isa = PBXFileReference; lastKnownFileType = image.png; path = photoBack.png; sourceTree = "<group>"; };
		98F1507C1B39B8C400CE3F5E /* photoFront.JPG */ = {isa = PBXFileReference; lastKnownFileType = image.jpeg; path = photoFront.JPG; sourceTree = "<group>"; };
		98F1507D1B39B8C400CE3F5E /* PDF417.png */ = {isa = PBXFileReference; lastKnownFileType = image.png; path = PDF417.png; sourceTree = "<group>"; };
		98F1507F1B39B8C400CE3F5E /* SVProgressHUD-Prefix.pch */ = {isa = PBXFileReference; fileEncoding = 4; lastKnownFileType = sourcecode.c.h; path = "SVProgressHUD-Prefix.pch"; sourceTree = "<group>"; };
		98F150801B39B8C400CE3F5E /* SVProgressHUD.bundle */ = {isa = PBXFileReference; lastKnownFileType = "wrapper.plug-in"; path = SVProgressHUD.bundle; sourceTree = "<group>"; };
		98F150811B39B8C400CE3F5E /* SVProgressHUD.h */ = {isa = PBXFileReference; fileEncoding = 4; lastKnownFileType = sourcecode.c.h; path = SVProgressHUD.h; sourceTree = "<group>"; };
		98F150821B39B8C400CE3F5E /* SVProgressHUD.m */ = {isa = PBXFileReference; fileEncoding = 4; lastKnownFileType = sourcecode.c.objc; path = SVProgressHUD.m; sourceTree = "<group>"; };
		98F150841B39B8C400CE3F5E /* UIDevice+Resolutions.h */ = {isa = PBXFileReference; fileEncoding = 4; lastKnownFileType = sourcecode.c.h; path = "UIDevice+Resolutions.h"; sourceTree = "<group>"; };
		98F150851B39B8C400CE3F5E /* UIDevice+Resolutions.m */ = {isa = PBXFileReference; fileEncoding = 4; lastKnownFileType = sourcecode.c.objc; path = "UIDevice+Resolutions.m"; sourceTree = "<group>"; };
		98F150871B39B8C400CE3F5E /* CSSNResultScreen_iPad.xib */ = {isa = PBXFileReference; fileEncoding = 4; lastKnownFileType = file.xib; path = CSSNResultScreen_iPad.xib; sourceTree = "<group>"; };
		98F150881B39B8C400CE3F5E /* CSSNResultScreen_iPhone.xib */ = {isa = PBXFileReference; fileEncoding = 4; lastKnownFileType = file.xib; path = CSSNResultScreen_iPhone.xib; sourceTree = "<group>"; };
		98F150891B39B8C400CE3F5E /* ISGRegionViewController.xib */ = {isa = PBXFileReference; fileEncoding = 4; lastKnownFileType = file.xib; path = ISGRegionViewController.xib; sourceTree = "<group>"; };
		98F1508A1B39B8C400CE3F5E /* ISGViewController_iPad.xib */ = {isa = PBXFileReference; fileEncoding = 4; lastKnownFileType = file.xib; path = ISGViewController_iPad.xib; sourceTree = "<group>"; };
		98F1508B1B39B8C400CE3F5E /* ISGViewController_iPhone.xib */ = {isa = PBXFileReference; fileEncoding = 4; lastKnownFileType = file.xib; path = ISGViewController_iPhone.xib; sourceTree = "<group>"; };
		98F150A71B39B8D100CE3F5E /* Images.xcassets */ = {isa = PBXFileReference; lastKnownFileType = folder.assetcatalog; name = Images.xcassets; path = ../../AcuantiOSMobileSampleSDK/Images.xcassets; sourceTree = "<group>"; };
/* End PBXFileReference section */

/* Begin PBXFrameworksBuildPhase section */
		95019F1B1758F30A001C4F94 /* Frameworks */ = {
			isa = PBXFrameworksBuildPhase;
			buildActionMask = 2147483647;
			files = (
				989432DF1BAAFD8B00C1B95A /* AudioToolbox.framework in Frameworks */,
				138CD3031D023736009CB48D /* AcuantMobileSDK.framework in Frameworks */,
				989432DB1BAAFC8500C1B95A /* libz.tbd in Frameworks */,
				989432D91BAAFC7E00C1B95A /* QuartzCore.framework in Frameworks */,
				989432D71BAAFC7900C1B95A /* CoreGraphics.framework in Frameworks */,
				989432D51BAAFC7200C1B95A /* CoreVideo.framework in Frameworks */,
				989432D31BAAFC6C00C1B95A /* CoreMedia.framework in Frameworks */,
				989432D11BAAFC6400C1B95A /* AVFoundation.framework in Frameworks */,
				989432CF1BAAFC1C00C1B95A /* SystemConfiguration.framework in Frameworks */,
				989432CB1BAAFA4000C1B95A /* AssetsLibrary.framework in Frameworks */,
				989432CD1BAAFBFE00C1B95A /* libiconv.tbd in Frameworks */,
				989432CC1BAAFBF500C1B95A /* libc++.tbd in Frameworks */,
				95019F221758F30A001C4F94 /* UIKit.framework in Frameworks */,
			);
			runOnlyForDeploymentPostprocessing = 0;
		};
/* End PBXFrameworksBuildPhase section */

/* Begin PBXGroup section */
		138CD2FB1D023736009CB48D /* AcuantMobileSDK.embeddedframework */ = {
			isa = PBXGroup;
			children = (
				138CD2FC1D023736009CB48D /* AcuantMobileSDK.framework */,
				138CD2FD1D023736009CB48D /* Resources */,
			);
			path = AcuantMobileSDK.embeddedframework;
			sourceTree = "<group>";
		};
		138CD2FD1D023736009CB48D /* Resources */ = {
			isa = PBXGroup;
			children = (
				138CD2FE1D023736009CB48D /* beep-7.mp3 */,
				138CD3021D023736009CB48D /* shutter.wav */,
			);
			path = Resources;
			sourceTree = "<group>";
		};
		95019F151758F30A001C4F94 = {
			isa = PBXGroup;
			children = (
				98F1505F1B39B8C400CE3F5E /* AcuantServiceSample */,
				95019F201758F30A001C4F94 /* Frameworks */,
				95019F1F1758F30A001C4F94 /* Products */,
			);
			sourceTree = "<group>";
		};
		95019F1F1758F30A001C4F94 /* Products */ = {
			isa = PBXGroup;
			children = (
				95019F1E1758F30A001C4F94 /* AcuantiOSMobileSampleSDK.app */,
			);
			name = Products;
			sourceTree = "<group>";
		};
		95019F201758F30A001C4F94 /* Frameworks */ = {
			isa = PBXGroup;
			children = (
				138CD2FB1D023736009CB48D /* AcuantMobileSDK.embeddedframework */,
				989432DE1BAAFD8B00C1B95A /* AudioToolbox.framework */,
				989432DA1BAAFC8500C1B95A /* libz.tbd */,
				989432D81BAAFC7E00C1B95A /* QuartzCore.framework */,
				989432D61BAAFC7900C1B95A /* CoreGraphics.framework */,
				989432D41BAAFC7200C1B95A /* CoreVideo.framework */,
				989432D21BAAFC6C00C1B95A /* CoreMedia.framework */,
				989432D01BAAFC6400C1B95A /* AVFoundation.framework */,
				989432CE1BAAFC1C00C1B95A /* SystemConfiguration.framework */,
				989432CA1BAAFA4000C1B95A /* AssetsLibrary.framework */,
				989432C81BAAFA1200C1B95A /* libiconv.tbd */,
				989432C61BAAF9E200C1B95A /* libc++.tbd */,
				95019F211758F30A001C4F94 /* UIKit.framework */,
			);
			name = Frameworks;
			sourceTree = "<group>";
		};
		98F1505F1B39B8C400CE3F5E /* AcuantServiceSample */ = {
			isa = PBXGroup;
			children = (
				98F150601B39B8C400CE3F5E /* Controller */,
				98F1506B1B39B8C400CE3F5E /* Main */,
				98F150711B39B8C400CE3F5E /* Resources */,
				98F1507E1B39B8C400CE3F5E /* SVProgressHUD */,
				98F150831B39B8C400CE3F5E /* UIDevice+Resolutions */,
				98F150861B39B8C400CE3F5E /* Views */,
			);
			path = AcuantServiceSample;
			sourceTree = "<group>";
		};
		98F150601B39B8C400CE3F5E /* Controller */ = {
			isa = PBXGroup;
			children = (
				13958D761CFF5D83008CA3FD /* ConfirmationViewController.h */,
				13958D771CFF5D83008CA3FD /* ConfirmationViewController.m */,
				98F150611B39B8C400CE3F5E /* ISGRegionViewController.h */,
				98F150621B39B8C400CE3F5E /* ISGRegionViewController.m */,
				98F150631B39B8C400CE3F5E /* ISGResultScreenViewController.h */,
				98F150641B39B8C400CE3F5E /* ISGResultScreenViewController.m */,
				98F150651B39B8C400CE3F5E /* ISGViewController.h */,
				98F150661B39B8C400CE3F5E /* ISGViewController.m */,
				98F150671B39B8C400CE3F5E /* UIAlertController+Custom.h */,
				98F150681B39B8C400CE3F5E /* UIAlertController+Custom.m */,
			);
			path = Controller;
			sourceTree = "<group>";
		};
		98F1506B1B39B8C400CE3F5E /* Main */ = {
			isa = PBXGroup;
			children = (
				98F150A71B39B8D100CE3F5E /* Images.xcassets */,
				98F1506C1B39B8C400CE3F5E /* AcuantMobileSDKSample-Info.plist */,
				98F1506D1B39B8C400CE3F5E /* AcuantMobileSDKSample-Prefix.pch */,
				98F1506E1B39B8C400CE3F5E /* ISGAppDelegate.h */,
				98F1506F1B39B8C400CE3F5E /* ISGAppDelegate.m */,
				98F150701B39B8C400CE3F5E /* main.m */,
			);
			path = Main;
			sourceTree = "<group>";
		};
		98F150711B39B8C400CE3F5E /* Resources */ = {
			isa = PBXGroup;
			children = (
				98F150721B39B8C400CE3F5E /* Images */,
				98F1507D1B39B8C400CE3F5E /* PDF417.png */,
			);
			path = Resources;
			sourceTree = "<group>";
		};
		98F150721B39B8C400CE3F5E /* Images */ = {
			isa = PBXGroup;
			children = (
				13958D7D1CFF606D008CA3FD /* HelpScreenTip_ipad.png */,
				13958D7E1CFF606D008CA3FD /* HelpScreenTip_iphone.png */,
				98F150731B39B8C400CE3F5E /* Back-Gray@2x.png */,
				98F150741B39B8C400CE3F5E /* Back-Withe.png */,
				98F150751B39B8C400CE3F5E /* Back-Withe@2x.png */,
				98F150761B39B8C400CE3F5E /* BackButton.png */,
				98F150771B39B8C400CE3F5E /* camera-capture-button.png */,
				98F150781B39B8C400CE3F5E /* Medic_back.png */,
				98F150791B39B8C400CE3F5E /* Medic_front.png */,
				98F1507A1B39B8C400CE3F5E /* PassportImage.jpg */,
				98F1507B1B39B8C400CE3F5E /* photoBack.png */,
				98F1507C1B39B8C400CE3F5E /* photoFront.JPG */,
			);
			path = Images;
			sourceTree = "<group>";
		};
		98F1507E1B39B8C400CE3F5E /* SVProgressHUD */ = {
			isa = PBXGroup;
			children = (
				98F1507F1B39B8C400CE3F5E /* SVProgressHUD-Prefix.pch */,
				98F150801B39B8C400CE3F5E /* SVProgressHUD.bundle */,
				98F150811B39B8C400CE3F5E /* SVProgressHUD.h */,
				98F150821B39B8C400CE3F5E /* SVProgressHUD.m */,
			);
			path = SVProgressHUD;
			sourceTree = "<group>";
		};
		98F150831B39B8C400CE3F5E /* UIDevice+Resolutions */ = {
			isa = PBXGroup;
			children = (
				98F150841B39B8C400CE3F5E /* UIDevice+Resolutions.h */,
				98F150851B39B8C400CE3F5E /* UIDevice+Resolutions.m */,
			);
			path = "UIDevice+Resolutions";
			sourceTree = "<group>";
		};
		98F150861B39B8C400CE3F5E /* Views */ = {
			isa = PBXGroup;
			children = (
				139D06151D0F3A73000A6CA5 /* ConfirmationViewController.xib */,
				13958D791CFF5D8B008CA3FD /* ConfirmationViewController-ipad.xib */,
				98F150871B39B8C400CE3F5E /* CSSNResultScreen_iPad.xib */,
				98F150881B39B8C400CE3F5E /* CSSNResultScreen_iPhone.xib */,
				98F150891B39B8C400CE3F5E /* ISGRegionViewController.xib */,
				98F1508A1B39B8C400CE3F5E /* ISGViewController_iPad.xib */,
				98F1508B1B39B8C400CE3F5E /* ISGViewController_iPhone.xib */,
			);
			path = Views;
			sourceTree = "<group>";
		};
/* End PBXGroup section */

/* Begin PBXNativeTarget section */
		95019F1D1758F30A001C4F94 /* AcuantiOSMobileSampleSDK */ = {
			isa = PBXNativeTarget;
			buildConfigurationList = 95019F441758F30A001C4F94 /* Build configuration list for PBXNativeTarget "AcuantiOSMobileSampleSDK" */;
			buildPhases = (
				95019F1A1758F30A001C4F94 /* Sources */,
				95019F1B1758F30A001C4F94 /* Frameworks */,
				95019F1C1758F30A001C4F94 /* Resources */,
			);
			buildRules = (
			);
			dependencies = (
			);
			name = AcuantiOSMobileSampleSDK;
			productName = jaja;
			productReference = 95019F1E1758F30A001C4F94 /* AcuantiOSMobileSampleSDK.app */;
			productType = "com.apple.product-type.application";
		};
/* End PBXNativeTarget section */

/* Begin PBXProject section */
		95019F161758F30A001C4F94 /* Project object */ = {
			isa = PBXProject;
			attributes = {
				CLASSPREFIX = Acuant;
				LastUpgradeCheck = 0710;
				ORGANIZATIONNAME = Acuant;
			};
			buildConfigurationList = 95019F191758F30A001C4F94 /* Build configuration list for PBXProject "AcuantiOSMobileSampleSDK" */;
			compatibilityVersion = "Xcode 3.2";
			developmentRegion = English;
			hasScannedForEncodings = 0;
			knownRegions = (
				en,
			);
			mainGroup = 95019F151758F30A001C4F94;
			productRefGroup = 95019F1F1758F30A001C4F94 /* Products */;
			projectDirPath = "";
			projectRoot = "";
			targets = (
				95019F1D1758F30A001C4F94 /* AcuantiOSMobileSampleSDK */,
			);
		};
/* End PBXProject section */

/* Begin PBXResourcesBuildPhase section */
		95019F1C1758F30A001C4F94 /* Resources */ = {
			isa = PBXResourcesBuildPhase;
			buildActionMask = 2147483647;
			files = (
				98F150A41B39B8C400CE3F5E /* ISGRegionViewController.xib in Resources */,
				138CD3081D023736009CB48D /* shutter.wav in Resources */,
				98F150A81B39B8D100CE3F5E /* Images.xcassets in Resources */,
				98F150951B39B8C400CE3F5E /* Back-Withe.png in Resources */,
				98F150A21B39B8C400CE3F5E /* CSSNResultScreen_iPad.xib in Resources */,
				138CD3041D023736009CB48D /* beep-7.mp3 in Resources */,
				98F150941B39B8C400CE3F5E /* Back-Gray@2x.png in Resources */,
				98F150981B39B8C400CE3F5E /* camera-capture-button.png in Resources */,
				13958D7B1CFF5D8B008CA3FD /* ConfirmationViewController-ipad.xib in Resources */,
				98F150A31B39B8C400CE3F5E /* CSSNResultScreen_iPhone.xib in Resources */,
				98F150991B39B8C400CE3F5E /* Medic_back.png in Resources */,
				98F1509A1B39B8C400CE3F5E /* Medic_front.png in Resources */,
				98F1509B1B39B8C400CE3F5E /* PassportImage.jpg in Resources */,
				98F150971B39B8C400CE3F5E /* BackButton.png in Resources */,
				13958D7F1CFF606D008CA3FD /* HelpScreenTip_ipad.png in Resources */,
				139D06161D0F3A73000A6CA5 /* ConfirmationViewController.xib in Resources */,
				13958D801CFF606D008CA3FD /* HelpScreenTip_iphone.png in Resources */,
				98F1509F1B39B8C400CE3F5E /* SVProgressHUD.bundle in Resources */,
				98F150961B39B8C400CE3F5E /* Back-Withe@2x.png in Resources */,
				98F1509D1B39B8C400CE3F5E /* photoFront.JPG in Resources */,
				98F150A51B39B8C400CE3F5E /* ISGViewController_iPad.xib in Resources */,
				98F1509E1B39B8C400CE3F5E /* PDF417.png in Resources */,
				98F1509C1B39B8C400CE3F5E /* photoBack.png in Resources */,
				98F150A61B39B8C400CE3F5E /* ISGViewController_iPhone.xib in Resources */,
			);
			runOnlyForDeploymentPostprocessing = 0;
		};
/* End PBXResourcesBuildPhase section */

/* Begin PBXSourcesBuildPhase section */
		95019F1A1758F30A001C4F94 /* Sources */ = {
			isa = PBXSourcesBuildPhase;
			buildActionMask = 2147483647;
			files = (
				98F1508E1B39B8C400CE3F5E /* ISGViewController.m in Sources */,
				98F150A11B39B8C400CE3F5E /* UIDevice+Resolutions.m in Sources */,
				98F1508C1B39B8C400CE3F5E /* ISGRegionViewController.m in Sources */,
				98F1508F1B39B8C400CE3F5E /* UIAlertController+Custom.m in Sources */,
				13958D781CFF5D83008CA3FD /* ConfirmationViewController.m in Sources */,
				98F150A01B39B8C400CE3F5E /* SVProgressHUD.m in Sources */,
				98F150921B39B8C400CE3F5E /* ISGAppDelegate.m in Sources */,
				98F150931B39B8C400CE3F5E /* main.m in Sources */,
				98F1508D1B39B8C400CE3F5E /* ISGResultScreenViewController.m in Sources */,
			);
			runOnlyForDeploymentPostprocessing = 0;
		};
/* End PBXSourcesBuildPhase section */

/* Begin XCBuildConfiguration section */
		95019F421758F30A001C4F94 /* Debug */ = {
			isa = XCBuildConfiguration;
			buildSettings = {
				ALWAYS_SEARCH_USER_PATHS = NO;
				CLANG_CXX_LANGUAGE_STANDARD = "gnu++0x";
				CLANG_CXX_LIBRARY = "libc++";
				CLANG_ENABLE_OBJC_ARC = YES;
				CLANG_WARN_CONSTANT_CONVERSION = YES;
				CLANG_WARN_EMPTY_BODY = YES;
				CLANG_WARN_ENUM_CONVERSION = YES;
				CLANG_WARN_INT_CONVERSION = YES;
				CLANG_WARN__DUPLICATE_METHOD_MATCH = YES;
				"CODE_SIGN_IDENTITY[sdk=iphoneos*]" = "iPhone Developer";
				COPY_PHASE_STRIP = NO;
				ENABLE_TESTABILITY = YES;
				GCC_C_LANGUAGE_STANDARD = gnu99;
				GCC_DYNAMIC_NO_PIC = NO;
				GCC_OPTIMIZATION_LEVEL = 0;
				GCC_PREPROCESSOR_DEFINITIONS = (
					"DEBUG=1",
					"$(inherited)",
				);
				GCC_SYMBOLS_PRIVATE_EXTERN = NO;
				GCC_WARN_ABOUT_RETURN_TYPE = YES;
				GCC_WARN_UNINITIALIZED_AUTOS = YES;
				GCC_WARN_UNUSED_VARIABLE = YES;
				IPHONEOS_DEPLOYMENT_TARGET = 5.1;
				ONLY_ACTIVE_ARCH = YES;
				SDKROOT = iphoneos;
				TARGETED_DEVICE_FAMILY = "1,2";
			};
			name = Debug;
		};
		95019F431758F30A001C4F94 /* Release */ = {
			isa = XCBuildConfiguration;
			buildSettings = {
				ALWAYS_SEARCH_USER_PATHS = NO;
				CLANG_CXX_LANGUAGE_STANDARD = "gnu++0x";
				CLANG_CXX_LIBRARY = "libc++";
				CLANG_ENABLE_OBJC_ARC = YES;
				CLANG_WARN_CONSTANT_CONVERSION = YES;
				CLANG_WARN_EMPTY_BODY = YES;
				CLANG_WARN_ENUM_CONVERSION = YES;
				CLANG_WARN_INT_CONVERSION = YES;
				CLANG_WARN__DUPLICATE_METHOD_MATCH = YES;
				"CODE_SIGN_IDENTITY[sdk=iphoneos*]" = "iPhone Developer";
				COPY_PHASE_STRIP = YES;
				GCC_C_LANGUAGE_STANDARD = gnu99;
				GCC_WARN_ABOUT_RETURN_TYPE = YES;
				GCC_WARN_UNINITIALIZED_AUTOS = YES;
				GCC_WARN_UNUSED_VARIABLE = YES;
				IPHONEOS_DEPLOYMENT_TARGET = 5.1;
				OTHER_CFLAGS = "-DNS_BLOCK_ASSERTIONS=1";
				SDKROOT = iphoneos;
				TARGETED_DEVICE_FAMILY = "1,2";
				VALIDATE_PRODUCT = YES;
			};
			name = Release;
		};
		95019F451758F30A001C4F94 /* Debug */ = {
			isa = XCBuildConfiguration;
			buildSettings = {
				ASSETCATALOG_COMPILER_APPICON_NAME = AppIcon;
				ASSETCATALOG_COMPILER_LAUNCHIMAGE_NAME = LaunchImage;
				CLANG_CXX_LANGUAGE_STANDARD = "compiler-default";
				CLANG_CXX_LIBRARY = "compiler-default";
				CLANG_WARN_DEPRECATED_OBJC_IMPLEMENTATIONS = YES;
				CODE_SIGN_IDENTITY = "iPhone Developer";
				"CODE_SIGN_IDENTITY[sdk=iphoneos*]" = "iPhone Developer";
				ENABLE_BITCODE = YES;
				FRAMEWORK_SEARCH_PATHS = (
					"$(inherited)",
					"$(SRCROOT)",
					"$(PROJECT_DIR)",
					"$(PROJECT_DIR)/AcuantMobileSDK.embeddedframework",
					"$(PROJECT_DIR)/AcuantiOSMobileSampleSDK/AcuantMobileSDK.embeddedframework",
				);
				GCC_PRECOMPILE_PREFIX_HEADER = YES;
				GCC_PREFIX_HEADER = "AcuantServiceSample/Main/AcuantMobileSDKSample-Prefix.pch";
				GCC_PREPROCESSOR_DEFINITIONS = CVLIB_IMG_NOCODEC;
				HEADER_SEARCH_PATHS = "";
				INFOPLIST_FILE = "$(SRCROOT)/AcuantServiceSample/Main/AcuantMobileSDKSample-Info.plist";
				IPHONEOS_DEPLOYMENT_TARGET = 8.0;
				LIBRARY_SEARCH_PATHS = "$(inherited)";
				ONLY_ACTIVE_ARCH = NO;
				PRODUCT_BUNDLE_IDENTIFIER = com.cssn.CSSNMobileSDKSample;
				PRODUCT_NAME = AcuantiOSMobileSampleSDK;
				PROVISIONING_PROFILE = "";
				"PROVISIONING_PROFILE[sdk=iphoneos*]" = "";
				SDKROOT = iphoneos;
				TARGETED_DEVICE_FAMILY = "1,2";
				VALID_ARCHS = "$(ARCHS_STANDARD)";
				WRAPPER_EXTENSION = app;
			};
			name = Debug;
		};
		95019F461758F30A001C4F94 /* Release */ = {
			isa = XCBuildConfiguration;
			buildSettings = {
				ASSETCATALOG_COMPILER_APPICON_NAME = AppIcon;
				ASSETCATALOG_COMPILER_LAUNCHIMAGE_NAME = LaunchImage;
				CLANG_CXX_LANGUAGE_STANDARD = "compiler-default";
				CLANG_CXX_LIBRARY = "compiler-default";
				CLANG_WARN_DEPRECATED_OBJC_IMPLEMENTATIONS = YES;
				CODE_SIGN_IDENTITY = "iPhone Developer";
				"CODE_SIGN_IDENTITY[sdk=iphoneos*]" = "iPhone Distribution";
				ENABLE_BITCODE = YES;
				FRAMEWORK_SEARCH_PATHS = (
					"$(inherited)",
					"$(SRCROOT)",
					"$(PROJECT_DIR)",
					"$(PROJECT_DIR)/AcuantMobileSDK.embeddedframework",
					"$(PROJECT_DIR)/AcuantiOSMobileSampleSDK/AcuantMobileSDK.embeddedframework",
				);
				GCC_PRECOMPILE_PREFIX_HEADER = YES;
				GCC_PREFIX_HEADER = "AcuantServiceSample/Main/AcuantMobileSDKSample-Prefix.pch";
				GCC_PREPROCESSOR_DEFINITIONS = CVLIB_IMG_NOCODEC;
				HEADER_SEARCH_PATHS = "";
				INFOPLIST_FILE = "$(SRCROOT)/AcuantServiceSample/Main/AcuantMobileSDKSample-Info.plist";
				IPHONEOS_DEPLOYMENT_TARGET = 8.0;
				LIBRARY_SEARCH_PATHS = "$(inherited)";
				ONLY_ACTIVE_ARCH = NO;
				PRODUCT_BUNDLE_IDENTIFIER = com.cssn.CSSNMobileSDKSample;
				PRODUCT_NAME = AcuantiOSMobileSampleSDK;
				PROVISIONING_PROFILE = "";
				"PROVISIONING_PROFILE[sdk=iphoneos*]" = "";
				SDKROOT = iphoneos;
				TARGETED_DEVICE_FAMILY = "1,2";
				VALID_ARCHS = "$(ARCHS_STANDARD)";
				WRAPPER_EXTENSION = app;
			};
			name = Release;
		};
/* End XCBuildConfiguration section */

/* Begin XCConfigurationList section */
		95019F191758F30A001C4F94 /* Build configuration list for PBXProject "AcuantiOSMobileSampleSDK" */ = {
			isa = XCConfigurationList;
			buildConfigurations = (
				95019F421758F30A001C4F94 /* Debug */,
				95019F431758F30A001C4F94 /* Release */,
			);
			defaultConfigurationIsVisible = 0;
			defaultConfigurationName = Release;
		};
		95019F441758F30A001C4F94 /* Build configuration list for PBXNativeTarget "AcuantiOSMobileSampleSDK" */ = {
			isa = XCConfigurationList;
			buildConfigurations = (
				95019F451758F30A001C4F94 /* Debug */,
				95019F461758F30A001C4F94 /* Release */,
			);
			defaultConfigurationIsVisible = 0;
			defaultConfigurationName = Release;
		};
/* End XCConfigurationList section */
	};
	rootObject = 95019F161758F30A001C4F94 /* Project object */;
}
