// !$*UTF8*$!
{
	archiveVersion = 1;
	classes = {
	};
	objectVersion = 46;
	objects = {

/* Begin PBXBuildFile section */
		1316A4B21F2BA0D40004708C /* ProgressHUD.swift in Sources */ = {isa = PBXBuildFile; fileRef = 1316A4B11F2BA0D40004708C /* ProgressHUD.swift */; };
		1316A4BA1F2BA6B90004708C /* RegionSelectionViewController.swift in Sources */ = {isa = PBXBuildFile; fileRef = 1316A4B91F2BA6B90004708C /* RegionSelectionViewController.swift */; };
		1316A4BC1F2BD17F0004708C /* ResultViewController.swift in Sources */ = {isa = PBXBuildFile; fileRef = 1316A4BB1F2BD17F0004708C /* ResultViewController.swift */; };
		1361E2DE1FB12685007010F9 /* AcuantMobileSDK.framework in Frameworks */ = {isa = PBXBuildFile; fileRef = 1361E2D71FB12685007010F9 /* AcuantMobileSDK.framework */; };
		1361E2DF1FB12685007010F9 /* beep-7.mp3 in Resources */ = {isa = PBXBuildFile; fileRef = 1361E2D91FB12685007010F9 /* beep-7.mp3 */; };
		1361E2E21FB12685007010F9 /* shutter.wav in Resources */ = {isa = PBXBuildFile; fileRef = 1361E2DD1FB12685007010F9 /* shutter.wav */; };
		1361E2E41FB12C5A007010F9 /* MicroBlink.framework in Frameworks */ = {isa = PBXBuildFile; fileRef = 1361E2E31FB12C5A007010F9 /* MicroBlink.framework */; };
		1361E2E61FB12C9A007010F9 /* MicroBlink.bundle in Resources */ = {isa = PBXBuildFile; fileRef = 1361E2E51FB12C9A007010F9 /* MicroBlink.bundle */; };
		1361E2EA1FB12CDA007010F9 /* MicroBlink.framework in Embed Frameworks */ = {isa = PBXBuildFile; fileRef = 1361E2DB1FB12685007010F9 /* MicroBlink.framework */; settings = {ATTRIBUTES = (CodeSignOnCopy, RemoveHeadersOnCopy, ); }; };
		1377302D1F2AA90D0074F49B /* AppDelegate.swift in Sources */ = {isa = PBXBuildFile; fileRef = 1377302C1F2AA90D0074F49B /* AppDelegate.swift */; };
		1377302F1F2AA90D0074F49B /* ViewController.swift in Sources */ = {isa = PBXBuildFile; fileRef = 1377302E1F2AA90D0074F49B /* ViewController.swift */; };
		137730321F2AA90D0074F49B /* Main.storyboard in Resources */ = {isa = PBXBuildFile; fileRef = 137730301F2AA90D0074F49B /* Main.storyboard */; };
		137730341F2AA90D0074F49B /* Assets.xcassets in Resources */ = {isa = PBXBuildFile; fileRef = 137730331F2AA90D0074F49B /* Assets.xcassets */; };
		137730371F2AA90D0074F49B /* LaunchScreen.storyboard in Resources */ = {isa = PBXBuildFile; fileRef = 137730351F2AA90D0074F49B /* LaunchScreen.storyboard */; };
		137730621F2AAB750074F49B /* CoreLocation.framework in Frameworks */ = {isa = PBXBuildFile; fileRef = 137730611F2AAB750074F49B /* CoreLocation.framework */; };
		137730681F2AAB900074F49B /* libc++.tbd in Frameworks */ = {isa = PBXBuildFile; fileRef = 137730671F2AAB900074F49B /* libc++.tbd */; };
		1377306A1F2AAB9F0074F49B /* libiconv.tbd in Frameworks */ = {isa = PBXBuildFile; fileRef = 137730691F2AAB9F0074F49B /* libiconv.tbd */; };
		1377306C1F2AABA60074F49B /* libz.tbd in Frameworks */ = {isa = PBXBuildFile; fileRef = 1377306B1F2AABA60074F49B /* libz.tbd */; };
		13BDB40B1F2F9F0A00291190 /* PDF417.png in Resources */ = {isa = PBXBuildFile; fileRef = 13BDB4091F2F9F0A00291190 /* PDF417.png */; };
/* End PBXBuildFile section */

/* Begin PBXCopyFilesBuildPhase section */
		1361E2EB1FB12CDA007010F9 /* Embed Frameworks */ = {
			isa = PBXCopyFilesBuildPhase;
			buildActionMask = 2147483647;
			dstPath = "";
			dstSubfolderSpec = 10;
			files = (
				1361E2EA1FB12CDA007010F9 /* MicroBlink.framework in Embed Frameworks */,
			);
			name = "Embed Frameworks";
			runOnlyForDeploymentPostprocessing = 0;
		};
/* End PBXCopyFilesBuildPhase section */

/* Begin PBXFileReference section */
		1316A4B11F2BA0D40004708C /* ProgressHUD.swift */ = {isa = PBXFileReference; fileEncoding = 4; lastKnownFileType = sourcecode.swift; path = ProgressHUD.swift; sourceTree = "<group>"; };
		1316A4B91F2BA6B90004708C /* RegionSelectionViewController.swift */ = {isa = PBXFileReference; fileEncoding = 4; lastKnownFileType = sourcecode.swift; path = RegionSelectionViewController.swift; sourceTree = "<group>"; };
		1316A4BB1F2BD17F0004708C /* ResultViewController.swift */ = {isa = PBXFileReference; fileEncoding = 4; lastKnownFileType = sourcecode.swift; path = ResultViewController.swift; sourceTree = "<group>"; };
		1361E2D71FB12685007010F9 /* AcuantMobileSDK.framework */ = {isa = PBXFileReference; lastKnownFileType = wrapper.framework; path = AcuantMobileSDK.framework; sourceTree = "<group>"; };
		1361E2D91FB12685007010F9 /* beep-7.mp3 */ = {isa = PBXFileReference; lastKnownFileType = audio.mp3; path = "beep-7.mp3"; sourceTree = "<group>"; };
		1361E2DB1FB12685007010F9 /* MicroBlink.framework */ = {isa = PBXFileReference; lastKnownFileType = wrapper.framework; path = MicroBlink.framework; sourceTree = "<group>"; };
		1361E2DC1FB12685007010F9 /* MicroBlink.bundle */ = {isa = PBXFileReference; lastKnownFileType = "wrapper.plug-in"; path = MicroBlink.bundle; sourceTree = "<group>"; };
		1361E2DD1FB12685007010F9 /* shutter.wav */ = {isa = PBXFileReference; lastKnownFileType = audio.wav; path = shutter.wav; sourceTree = "<group>"; };
		1361E2E31FB12C5A007010F9 /* MicroBlink.framework */ = {isa = PBXFileReference; lastKnownFileType = wrapper.framework; name = MicroBlink.framework; path = ../AcuantMobileSDK.embeddedframework/Resources/Frameworks/MicroBlink.framework; sourceTree = "<group>"; };
		1361E2E51FB12C9A007010F9 /* MicroBlink.bundle */ = {isa = PBXFileReference; lastKnownFileType = "wrapper.plug-in"; name = MicroBlink.bundle; path = ../../AcuantMobileSDK.embeddedframework/Resources/MicroBlink.bundle; sourceTree = "<group>"; };
		137730291F2AA90D0074F49B /* AcuantiOSSDKSwiftSample.app */ = {isa = PBXFileReference; explicitFileType = wrapper.application; includeInIndex = 0; path = AcuantiOSSDKSwiftSample.app; sourceTree = BUILT_PRODUCTS_DIR; };
		1377302C1F2AA90D0074F49B /* AppDelegate.swift */ = {isa = PBXFileReference; lastKnownFileType = sourcecode.swift; path = AppDelegate.swift; sourceTree = "<group>"; };
		1377302E1F2AA90D0074F49B /* ViewController.swift */ = {isa = PBXFileReference; lastKnownFileType = sourcecode.swift; path = ViewController.swift; sourceTree = "<group>"; };
		137730311F2AA90D0074F49B /* Base */ = {isa = PBXFileReference; lastKnownFileType = file.storyboard; name = Base; path = Base.lproj/Main.storyboard; sourceTree = "<group>"; };
		137730331F2AA90D0074F49B /* Assets.xcassets */ = {isa = PBXFileReference; lastKnownFileType = folder.assetcatalog; path = Assets.xcassets; sourceTree = "<group>"; };
		137730361F2AA90D0074F49B /* Base */ = {isa = PBXFileReference; lastKnownFileType = file.storyboard; name = Base; path = Base.lproj/LaunchScreen.storyboard; sourceTree = "<group>"; };
		137730381F2AA90D0074F49B /* Info.plist */ = {isa = PBXFileReference; lastKnownFileType = text.plist.xml; path = Info.plist; sourceTree = "<group>"; };
		137730611F2AAB750074F49B /* CoreLocation.framework */ = {isa = PBXFileReference; lastKnownFileType = wrapper.framework; name = CoreLocation.framework; path = System/Library/Frameworks/CoreLocation.framework; sourceTree = SDKROOT; };
		137730671F2AAB900074F49B /* libc++.tbd */ = {isa = PBXFileReference; lastKnownFileType = "sourcecode.text-based-dylib-definition"; name = "libc++.tbd"; path = "usr/lib/libc++.tbd"; sourceTree = SDKROOT; };
		137730691F2AAB9F0074F49B /* libiconv.tbd */ = {isa = PBXFileReference; lastKnownFileType = "sourcecode.text-based-dylib-definition"; name = libiconv.tbd; path = usr/lib/libiconv.tbd; sourceTree = SDKROOT; };
		1377306B1F2AABA60074F49B /* libz.tbd */ = {isa = PBXFileReference; lastKnownFileType = "sourcecode.text-based-dylib-definition"; name = libz.tbd; path = usr/lib/libz.tbd; sourceTree = SDKROOT; };
		137730701F2AADAB0074F49B /* AcuantiOSSDKSwiftSample-Bridging-Header.h */ = {isa = PBXFileReference; lastKnownFileType = sourcecode.c.h; path = "AcuantiOSSDKSwiftSample-Bridging-Header.h"; sourceTree = "<group>"; };
		13BDB40A1F2F9F0A00291190 /* Base */ = {isa = PBXFileReference; lastKnownFileType = image.png; name = Base; path = Base.lproj/PDF417.png; sourceTree = "<group>"; };
/* End PBXFileReference section */

/* Begin PBXFrameworksBuildPhase section */
		137730261F2AA90D0074F49B /* Frameworks */ = {
			isa = PBXFrameworksBuildPhase;
			buildActionMask = 2147483647;
			files = (
				1361E2E41FB12C5A007010F9 /* MicroBlink.framework in Frameworks */,
				1377306C1F2AABA60074F49B /* libz.tbd in Frameworks */,
				1377306A1F2AAB9F0074F49B /* libiconv.tbd in Frameworks */,
				137730681F2AAB900074F49B /* libc++.tbd in Frameworks */,
				1361E2DE1FB12685007010F9 /* AcuantMobileSDK.framework in Frameworks */,
				137730621F2AAB750074F49B /* CoreLocation.framework in Frameworks */,
			);
			runOnlyForDeploymentPostprocessing = 0;
		};
/* End PBXFrameworksBuildPhase section */

/* Begin PBXGroup section */
		13121BE91F31275B000799DC /* Resources */ = {
			isa = PBXGroup;
			children = (
				1361E2E51FB12C9A007010F9 /* MicroBlink.bundle */,
			);
			name = Resources;
			sourceTree = "<group>";
		};
		1316A4B31F2BA2AA0004708C /* Controllers */ = {
			isa = PBXGroup;
			children = (
				1377302E1F2AA90D0074F49B /* ViewController.swift */,
				1316A4B11F2BA0D40004708C /* ProgressHUD.swift */,
				1316A4B91F2BA6B90004708C /* RegionSelectionViewController.swift */,
				1316A4BB1F2BD17F0004708C /* ResultViewController.swift */,
			);
			name = Controllers;
			sourceTree = "<group>";
		};
		1316A4B41F2BA2C00004708C /* Intefaces */ = {
			isa = PBXGroup;
			children = (
				13BDB4091F2F9F0A00291190 /* PDF417.png */,
				137730301F2AA90D0074F49B /* Main.storyboard */,
			);
			name = Intefaces;
			sourceTree = "<group>";
		};
		1361E2D61FB12685007010F9 /* AcuantMobileSDK.embeddedframework */ = {
			isa = PBXGroup;
			children = (
				1361E2D71FB12685007010F9 /* AcuantMobileSDK.framework */,
				1361E2D81FB12685007010F9 /* Resources */,
			);
			name = AcuantMobileSDK.embeddedframework;
			path = ../AcuantMobileSDK.embeddedframework;
			sourceTree = "<group>";
		};
		1361E2D81FB12685007010F9 /* Resources */ = {
			isa = PBXGroup;
			children = (
				1361E2D91FB12685007010F9 /* beep-7.mp3 */,
				1361E2DA1FB12685007010F9 /* Frameworks */,
				1361E2DC1FB12685007010F9 /* MicroBlink.bundle */,
				1361E2DD1FB12685007010F9 /* shutter.wav */,
			);
			path = Resources;
			sourceTree = "<group>";
		};
		1361E2DA1FB12685007010F9 /* Frameworks */ = {
			isa = PBXGroup;
			children = (
				1361E2DB1FB12685007010F9 /* MicroBlink.framework */,
			);
			path = Frameworks;
			sourceTree = "<group>";
		};
		1361E2EC1FB12D3E007010F9 /* Frameworks */ = {
			isa = PBXGroup;
			children = (
			);
			name = Frameworks;
			sourceTree = "<group>";
		};
		137730201F2AA90D0074F49B = {
			isa = PBXGroup;
			children = (
				1377302B1F2AA90D0074F49B /* AcuantiOSSDKSwiftSample */,
				1377302A1F2AA90D0074F49B /* Products */,
				1361E2EC1FB12D3E007010F9 /* Frameworks */,
			);
			sourceTree = "<group>";
		};
		1377302A1F2AA90D0074F49B /* Products */ = {
			isa = PBXGroup;
			children = (
				137730291F2AA90D0074F49B /* AcuantiOSSDKSwiftSample.app */,
			);
			name = Products;
			sourceTree = "<group>";
		};
		1377302B1F2AA90D0074F49B /* AcuantiOSSDKSwiftSample */ = {
			isa = PBXGroup;
			children = (
				13121BE91F31275B000799DC /* Resources */,
				1316A4B41F2BA2C00004708C /* Intefaces */,
				1316A4B31F2BA2AA0004708C /* Controllers */,
				1377304C1F2AAAD30074F49B /* Frameworks */,
				1377302C1F2AA90D0074F49B /* AppDelegate.swift */,
				137730331F2AA90D0074F49B /* Assets.xcassets */,
				137730351F2AA90D0074F49B /* LaunchScreen.storyboard */,
				137730381F2AA90D0074F49B /* Info.plist */,
				137730701F2AADAB0074F49B /* AcuantiOSSDKSwiftSample-Bridging-Header.h */,
			);
			path = AcuantiOSSDKSwiftSample;
			sourceTree = "<group>";
		};
		1377304C1F2AAAD30074F49B /* Frameworks */ = {
			isa = PBXGroup;
			children = (
				1361E2E31FB12C5A007010F9 /* MicroBlink.framework */,
				1361E2D61FB12685007010F9 /* AcuantMobileSDK.embeddedframework */,
				1377306B1F2AABA60074F49B /* libz.tbd */,
				137730691F2AAB9F0074F49B /* libiconv.tbd */,
				137730671F2AAB900074F49B /* libc++.tbd */,
				137730611F2AAB750074F49B /* CoreLocation.framework */,
			);
			name = Frameworks;
			path = ..;
			sourceTree = "<group>";
		};
/* End PBXGroup section */

/* Begin PBXNativeTarget section */
		137730281F2AA90D0074F49B /* AcuantiOSSDKSwiftSample */ = {
			isa = PBXNativeTarget;
			buildConfigurationList = 1377303B1F2AA90D0074F49B /* Build configuration list for PBXNativeTarget "AcuantiOSSDKSwiftSample" */;
			buildPhases = (
				137730251F2AA90D0074F49B /* Sources */,
				137730261F2AA90D0074F49B /* Frameworks */,
				137730271F2AA90D0074F49B /* Resources */,
				1361E2EB1FB12CDA007010F9 /* Embed Frameworks */,
			);
			buildRules = (
			);
			dependencies = (
			);
			name = AcuantiOSSDKSwiftSample;
			productName = AcuantiOSSDKSwiftSample;
			productReference = 137730291F2AA90D0074F49B /* AcuantiOSSDKSwiftSample.app */;
			productType = "com.apple.product-type.application";
		};
/* End PBXNativeTarget section */

/* Begin PBXProject section */
		137730211F2AA90D0074F49B /* Project object */ = {
			isa = PBXProject;
			attributes = {
				LastSwiftUpdateCheck = 0830;
				LastUpgradeCheck = 0910;
				ORGANIZATIONNAME = Acuant;
				TargetAttributes = {
					137730281F2AA90D0074F49B = {
						CreatedOnToolsVersion = 8.3.3;
						DevelopmentTeam = E67326HC5Q;
						LastSwiftMigration = 0830;
						ProvisioningStyle = Automatic;
					};
				};
			};
			buildConfigurationList = 137730241F2AA90D0074F49B /* Build configuration list for PBXProject "AcuantiOSSDKSwiftSample" */;
			compatibilityVersion = "Xcode 3.2";
			developmentRegion = English;
			hasScannedForEncodings = 0;
			knownRegions = (
				en,
				Base,
			);
			mainGroup = 137730201F2AA90D0074F49B;
			productRefGroup = 1377302A1F2AA90D0074F49B /* Products */;
			projectDirPath = "";
			projectRoot = "";
			targets = (
				137730281F2AA90D0074F49B /* AcuantiOSSDKSwiftSample */,
			);
		};
/* End PBXProject section */

/* Begin PBXResourcesBuildPhase section */
		137730271F2AA90D0074F49B /* Resources */ = {
			isa = PBXResourcesBuildPhase;
			buildActionMask = 2147483647;
			files = (
				1361E2E61FB12C9A007010F9 /* MicroBlink.bundle in Resources */,
				137730371F2AA90D0074F49B /* LaunchScreen.storyboard in Resources */,
				137730341F2AA90D0074F49B /* Assets.xcassets in Resources */,
				13BDB40B1F2F9F0A00291190 /* PDF417.png in Resources */,
				1361E2E21FB12685007010F9 /* shutter.wav in Resources */,
				137730321F2AA90D0074F49B /* Main.storyboard in Resources */,
				1361E2DF1FB12685007010F9 /* beep-7.mp3 in Resources */,
			);
			runOnlyForDeploymentPostprocessing = 0;
		};
/* End PBXResourcesBuildPhase section */

/* Begin PBXSourcesBuildPhase section */
		137730251F2AA90D0074F49B /* Sources */ = {
			isa = PBXSourcesBuildPhase;
			buildActionMask = 2147483647;
			files = (
				1316A4BC1F2BD17F0004708C /* ResultViewController.swift in Sources */,
				1377302F1F2AA90D0074F49B /* ViewController.swift in Sources */,
				1377302D1F2AA90D0074F49B /* AppDelegate.swift in Sources */,
				1316A4B21F2BA0D40004708C /* ProgressHUD.swift in Sources */,
				1316A4BA1F2BA6B90004708C /* RegionSelectionViewController.swift in Sources */,
			);
			runOnlyForDeploymentPostprocessing = 0;
		};
/* End PBXSourcesBuildPhase section */

/* Begin PBXVariantGroup section */
		137730301F2AA90D0074F49B /* Main.storyboard */ = {
			isa = PBXVariantGroup;
			children = (
				137730311F2AA90D0074F49B /* Base */,
			);
			name = Main.storyboard;
			sourceTree = "<group>";
		};
		137730351F2AA90D0074F49B /* LaunchScreen.storyboard */ = {
			isa = PBXVariantGroup;
			children = (
				137730361F2AA90D0074F49B /* Base */,
			);
			name = LaunchScreen.storyboard;
			sourceTree = "<group>";
		};
		13BDB4091F2F9F0A00291190 /* PDF417.png */ = {
			isa = PBXVariantGroup;
			children = (
				13BDB40A1F2F9F0A00291190 /* Base */,
			);
			name = PDF417.png;
			sourceTree = "<group>";
		};
/* End PBXVariantGroup section */

/* Begin XCBuildConfiguration section */
		137730391F2AA90D0074F49B /* Debug */ = {
			isa = XCBuildConfiguration;
			buildSettings = {
				ALWAYS_SEARCH_USER_PATHS = NO;
				CLANG_ANALYZER_NONNULL = YES;
				CLANG_ANALYZER_NUMBER_OBJECT_CONVERSION = YES_AGGRESSIVE;
				CLANG_CXX_LANGUAGE_STANDARD = "gnu++0x";
				CLANG_CXX_LIBRARY = "libc++";
				CLANG_ENABLE_MODULES = YES;
				CLANG_ENABLE_OBJC_ARC = YES;
				CLANG_WARN_BLOCK_CAPTURE_AUTORELEASING = YES;
				CLANG_WARN_BOOL_CONVERSION = YES;
				CLANG_WARN_COMMA = YES;
				CLANG_WARN_CONSTANT_CONVERSION = YES;
				CLANG_WARN_DIRECT_OBJC_ISA_USAGE = YES_ERROR;
				CLANG_WARN_DOCUMENTATION_COMMENTS = YES;
				CLANG_WARN_EMPTY_BODY = YES;
				CLANG_WARN_ENUM_CONVERSION = YES;
				CLANG_WARN_INFINITE_RECURSION = YES;
				CLANG_WARN_INT_CONVERSION = YES;
				CLANG_WARN_NON_LITERAL_NULL_CONVERSION = YES;
				CLANG_WARN_OBJC_LITERAL_CONVERSION = YES;
				CLANG_WARN_OBJC_ROOT_CLASS = YES_ERROR;
				CLANG_WARN_RANGE_LOOP_ANALYSIS = YES;
				CLANG_WARN_STRICT_PROTOTYPES = YES;
				CLANG_WARN_SUSPICIOUS_MOVE = YES;
				CLANG_WARN_UNREACHABLE_CODE = YES;
				CLANG_WARN__DUPLICATE_METHOD_MATCH = YES;
				"CODE_SIGN_IDENTITY[sdk=iphoneos*]" = "iPhone Developer";
				COPY_PHASE_STRIP = NO;
				DEBUG_INFORMATION_FORMAT = dwarf;
				ENABLE_STRICT_OBJC_MSGSEND = YES;
				ENABLE_TESTABILITY = YES;
				GCC_C_LANGUAGE_STANDARD = gnu99;
				GCC_DYNAMIC_NO_PIC = NO;
				GCC_NO_COMMON_BLOCKS = YES;
				GCC_OPTIMIZATION_LEVEL = 0;
				GCC_PREPROCESSOR_DEFINITIONS = (
					"DEBUG=1",
					"$(inherited)",
				);
				GCC_WARN_64_TO_32_BIT_CONVERSION = YES;
				GCC_WARN_ABOUT_RETURN_TYPE = YES_ERROR;
				GCC_WARN_UNDECLARED_SELECTOR = YES;
				GCC_WARN_UNINITIALIZED_AUTOS = YES_AGGRESSIVE;
				GCC_WARN_UNUSED_FUNCTION = YES;
				GCC_WARN_UNUSED_VARIABLE = YES;
				IPHONEOS_DEPLOYMENT_TARGET = 10.3;
				MTL_ENABLE_DEBUG_INFO = YES;
				ONLY_ACTIVE_ARCH = YES;
				SDKROOT = iphoneos;
				SWIFT_ACTIVE_COMPILATION_CONDITIONS = DEBUG;
				SWIFT_OPTIMIZATION_LEVEL = "-Onone";
				TARGETED_DEVICE_FAMILY = "1,2";
			};
			name = Debug;
		};
		1377303A1F2AA90D0074F49B /* Release */ = {
			isa = XCBuildConfiguration;
			buildSettings = {
				ALWAYS_SEARCH_USER_PATHS = NO;
				CLANG_ANALYZER_NONNULL = YES;
				CLANG_ANALYZER_NUMBER_OBJECT_CONVERSION = YES_AGGRESSIVE;
				CLANG_CXX_LANGUAGE_STANDARD = "gnu++0x";
				CLANG_CXX_LIBRARY = "libc++";
				CLANG_ENABLE_MODULES = YES;
				CLANG_ENABLE_OBJC_ARC = YES;
				CLANG_WARN_BLOCK_CAPTURE_AUTORELEASING = YES;
				CLANG_WARN_BOOL_CONVERSION = YES;
				CLANG_WARN_COMMA = YES;
				CLANG_WARN_CONSTANT_CONVERSION = YES;
				CLANG_WARN_DIRECT_OBJC_ISA_USAGE = YES_ERROR;
				CLANG_WARN_DOCUMENTATION_COMMENTS = YES;
				CLANG_WARN_EMPTY_BODY = YES;
				CLANG_WARN_ENUM_CONVERSION = YES;
				CLANG_WARN_INFINITE_RECURSION = YES;
				CLANG_WARN_INT_CONVERSION = YES;
				CLANG_WARN_NON_LITERAL_NULL_CONVERSION = YES;
				CLANG_WARN_OBJC_LITERAL_CONVERSION = YES;
				CLANG_WARN_OBJC_ROOT_CLASS = YES_ERROR;
				CLANG_WARN_RANGE_LOOP_ANALYSIS = YES;
				CLANG_WARN_STRICT_PROTOTYPES = YES;
				CLANG_WARN_SUSPICIOUS_MOVE = YES;
				CLANG_WARN_UNREACHABLE_CODE = YES;
				CLANG_WARN__DUPLICATE_METHOD_MATCH = YES;
				"CODE_SIGN_IDENTITY[sdk=iphoneos*]" = "iPhone Developer";
				COPY_PHASE_STRIP = NO;
				DEBUG_INFORMATION_FORMAT = "dwarf-with-dsym";
				ENABLE_NS_ASSERTIONS = NO;
				ENABLE_STRICT_OBJC_MSGSEND = YES;
				GCC_C_LANGUAGE_STANDARD = gnu99;
				GCC_NO_COMMON_BLOCKS = YES;
				GCC_WARN_64_TO_32_BIT_CONVERSION = YES;
				GCC_WARN_ABOUT_RETURN_TYPE = YES_ERROR;
				GCC_WARN_UNDECLARED_SELECTOR = YES;
				GCC_WARN_UNINITIALIZED_AUTOS = YES_AGGRESSIVE;
				GCC_WARN_UNUSED_FUNCTION = YES;
				GCC_WARN_UNUSED_VARIABLE = YES;
				IPHONEOS_DEPLOYMENT_TARGET = 10.3;
				MTL_ENABLE_DEBUG_INFO = NO;
				SDKROOT = iphoneos;
				SWIFT_OPTIMIZATION_LEVEL = "-Owholemodule";
				TARGETED_DEVICE_FAMILY = "1,2";
				VALIDATE_PRODUCT = YES;
			};
			name = Release;
		};
		1377303C1F2AA90D0074F49B /* Debug */ = {
			isa = XCBuildConfiguration;
			buildSettings = {
				ASSETCATALOG_COMPILER_APPICON_NAME = AppIcon;
				CLANG_ENABLE_MODULES = YES;
				DEVELOPMENT_TEAM = E67326HC5Q;
				FRAMEWORK_SEARCH_PATHS = (
					"$(inherited)",
					"$(PROJECT_DIR)/../AcuantMobileSDK.embeddedframework/**",
					"$(PROJECT_DIR)/../AcuantMobileSDK.embeddedframework/Resources/Frameworks/**",
					"$(SRC_ROOT)",
				);
				INFOPLIST_FILE = AcuantiOSSDKSwiftSample/Info.plist;
				LD_RUNPATH_SEARCH_PATHS = "$(inherited) @executable_path/Frameworks";
				PRODUCT_BUNDLE_IDENTIFIER = Acuant.AcuantiOSSDKSwiftSample;
				PRODUCT_NAME = "$(TARGET_NAME)";
				SWIFT_OBJC_BRIDGING_HEADER = "AcuantiOSSDKSwiftSample/AcuantiOSSDKSwiftSample-Bridging-Header.h";
				SWIFT_OPTIMIZATION_LEVEL = "-Onone";
				SWIFT_VERSION = 3.0;
			};
			name = Debug;
		};
		1377303D1F2AA90D0074F49B /* Release */ = {
			isa = XCBuildConfiguration;
			buildSettings = {
				ASSETCATALOG_COMPILER_APPICON_NAME = AppIcon;
				CLANG_ENABLE_MODULES = YES;
				DEVELOPMENT_TEAM = E67326HC5Q;
				FRAMEWORK_SEARCH_PATHS = (
					"$(inherited)",
					"$(PROJECT_DIR)/../AcuantMobileSDK.embeddedframework/**",
					"$(PROJECT_DIR)/../AcuantMobileSDK.embeddedframework/Resources/Frameworks/**",
					"$(SRC_ROOT)",
				);
				INFOPLIST_FILE = AcuantiOSSDKSwiftSample/Info.plist;
				LD_RUNPATH_SEARCH_PATHS = "$(inherited) @executable_path/Frameworks";
				PRODUCT_BUNDLE_IDENTIFIER = Acuant.AcuantiOSSDKSwiftSample;
				PRODUCT_NAME = "$(TARGET_NAME)";
				SWIFT_OBJC_BRIDGING_HEADER = "AcuantiOSSDKSwiftSample/AcuantiOSSDKSwiftSample-Bridging-Header.h";
				SWIFT_VERSION = 3.0;
			};
			name = Release;
		};
/* End XCBuildConfiguration section */

/* Begin XCConfigurationList section */
		137730241F2AA90D0074F49B /* Build configuration list for PBXProject "AcuantiOSSDKSwiftSample" */ = {
			isa = XCConfigurationList;
			buildConfigurations = (
				137730391F2AA90D0074F49B /* Debug */,
				1377303A1F2AA90D0074F49B /* Release */,
			);
			defaultConfigurationIsVisible = 0;
			defaultConfigurationName = Release;
		};
		1377303B1F2AA90D0074F49B /* Build configuration list for PBXNativeTarget "AcuantiOSSDKSwiftSample" */ = {
			isa = XCConfigurationList;
			buildConfigurations = (
				1377303C1F2AA90D0074F49B /* Debug */,
				1377303D1F2AA90D0074F49B /* Release */,
			);
			defaultConfigurationIsVisible = 0;
			defaultConfigurationName = Release;
		};
/* End XCConfigurationList section */
	};
	rootObject = 137730211F2AA90D0074F49B /* Project object */;
}
